
Microsoft Visual Studio Solution File, Format Version 12.00
# Visual Studio Version 17
VisualStudioVersion = 17.5.33530.505
MinimumVisualStudioVersion = 10.0.40219.1
Project("{FAE04EC0-301F-11D3-BF4B-00C04F79EFBC}") = "BlogPortal", "BlogPortal\BlogPortal.csproj", "{8811150D-5B23-4009-B322-B7AE09B66B7D}"
EndProject
Global
	GlobalSection(SolutionConfigurationPlatforms) = preSolution
		Debug|Any CPU = Debug|Any CPU
		Release|Any CPU = Release|Any CPU
	EndGlobalSection
	GlobalSection(ProjectConfigurationPlatforms) = postSolution
		{8811150D-5B23-4009-B322-B7AE09B66B7D}.Debug|Any CPU.ActiveCfg = Debug|Any CPU
		{8811150D-5B23-4009-B322-B7AE09B66B7D}.Debug|Any CPU.Build.0 = Debug|Any CPU
		{8811150D-5B23-4009-B322-B7AE09B66B7D}.Release|Any CPU.ActiveCfg = Release|Any CPU
		{8811150D-5B23-4009-B322-B7AE09B66B7D}.Release|Any CPU.Build.0 = Release|Any CPU
	EndGlobalSection
	GlobalSection(SolutionProperties) = preSolution
		HideSolutionNode = FALSE
	EndGlobalSection
	GlobalSection(ExtensibilityGlobals) = postSolution
		SolutionGuid = {4F3AA067-29F5-4786-BADF-5567F4121D7C}
	EndGlobalSection
EndGlobal
